
Microsoft Visual Studio Solution File, Format Version 12.00
# Visual Studio Version 17
VisualStudioVersion = 17.14.37012.4
MinimumVisualStudioVersion = 10.0.40219.1
Project("{FAE04EC0-301F-11D3-BF4B-00C04F79EFBC}") = "epi-panopto-cloud.4Series", "src\epi-panopto-cloud.4Series.csproj", "{271A55BE-E451-10F1-344E-E2F1F6EC81AF}"
EndProject
Global
	GlobalSection(SolutionConfigurationPlatforms) = preSolution
		Debug|Any CPU = Debug|Any CPU
		Release|Any CPU = Release|Any CPU
	EndGlobalSection
	GlobalSection(ProjectConfigurationPlatforms) = postSolution
		{271A55BE-E451-10F1-344E-E2F1F6EC81AF}.Debug|Any CPU.ActiveCfg = Debug|Any CPU
		{271A55BE-E451-10F1-344E-E2F1F6EC81AF}.Debug|Any CPU.Build.0 = Debug|Any CPU
		{271A55BE-E451-10F1-344E-E2F1F6EC81AF}.Release|Any CPU.ActiveCfg = Release|Any CPU
		{271A55BE-E451-10F1-344E-E2F1F6EC81AF}.Release|Any CPU.Build.0 = Release|Any CPU
	EndGlobalSection
	GlobalSection(SolutionProperties) = preSolution
		HideSolutionNode = FALSE
	EndGlobalSection
	GlobalSection(ExtensibilityGlobals) = postSolution
		SolutionGuid = {70BDDAFA-A5CA-4297-8FF0-8F40F8704E7E}
	EndGlobalSection
EndGlobal
